
Microsoft Visual Studio Solution File, Format Version 12.00
# Visual Studio Version 17
VisualStudioVersion = 17.5.33627.172
MinimumVisualStudioVersion = 10.0.40219.1
Project("{FAE04EC0-301F-11D3-BF4B-00C04F79EFBC}") = "NP.Break", "NP.Break\NP.Break.csproj", "{D6B43671-0EAE-4D92-8649-D54EA5B7ED41}"
EndProject
Project("{FAE04EC0-301F-11D3-BF4B-00C04F79EFBC}") = "TestConsole", "Test\TestConsole\TestConsole.csproj", "{80C89493-6253-46DD-8B6A-3F838F5518DA}"
EndProject
Project("{FAE04EC0-301F-11D3-BF4B-00C04F79EFBC}") = "NP.DAL", "NP.DAL\NP.DAL.csproj", "{9AA8DB48-FD4E-4A54-8C82-4F4F32502D60}"
EndProject
Project("{FAE04EC0-301F-11D3-BF4B-00C04F79EFBC}") = "NP.Infrastructure", "NP.Infrastructure\NP.Infrastructure.csproj", "{3FAD7C47-984E-4DEB-9BB2-D35552CB9D9E}"
EndProject
Global
	GlobalSection(SolutionConfigurationPlatforms) = preSolution
		Debug|Any CPU = Debug|Any CPU
		Release|Any CPU = Release|Any CPU
	EndGlobalSection
	GlobalSection(ProjectConfigurationPlatforms) = postSolution
		{D6B43671-0EAE-4D92-8649-D54EA5B7ED41}.Debug|Any CPU.ActiveCfg = Debug|Any CPU
		{D6B43671-0EAE-4D92-8649-D54EA5B7ED41}.Debug|Any CPU.Build.0 = Debug|Any CPU
		{D6B43671-0EAE-4D92-8649-D54EA5B7ED41}.Release|Any CPU.ActiveCfg = Release|Any CPU
		{D6B43671-0EAE-4D92-8649-D54EA5B7ED41}.Release|Any CPU.Build.0 = Release|Any CPU
		{80C89493-6253-46DD-8B6A-3F838F5518DA}.Debug|Any CPU.ActiveCfg = Debug|Any CPU
		{80C89493-6253-46DD-8B6A-3F838F5518DA}.Debug|Any CPU.Build.0 = Debug|Any CPU
		{80C89493-6253-46DD-8B6A-3F838F5518DA}.Release|Any CPU.ActiveCfg = Release|Any CPU
		{80C89493-6253-46DD-8B6A-3F838F5518DA}.Release|Any CPU.Build.0 = Release|Any CPU
		{9AA8DB48-FD4E-4A54-8C82-4F4F32502D60}.Debug|Any CPU.ActiveCfg = Debug|Any CPU
		{9AA8DB48-FD4E-4A54-8C82-4F4F32502D60}.Debug|Any CPU.Build.0 = Debug|Any CPU
		{9AA8DB48-FD4E-4A54-8C82-4F4F32502D60}.Release|Any CPU.ActiveCfg = Release|Any CPU
		{9AA8DB48-FD4E-4A54-8C82-4F4F32502D60}.Release|Any CPU.Build.0 = Release|Any CPU
		{3FAD7C47-984E-4DEB-9BB2-D35552CB9D9E}.Debug|Any CPU.ActiveCfg = Debug|Any CPU
		{3FAD7C47-984E-4DEB-9BB2-D35552CB9D9E}.Debug|Any CPU.Build.0 = Debug|Any CPU
		{3FAD7C47-984E-4DEB-9BB2-D35552CB9D9E}.Release|Any CPU.ActiveCfg = Release|Any CPU
		{3FAD7C47-984E-4DEB-9BB2-D35552CB9D9E}.Release|Any CPU.Build.0 = Release|Any CPU
	EndGlobalSection
	GlobalSection(SolutionProperties) = preSolution
		HideSolutionNode = FALSE
	EndGlobalSection
	GlobalSection(ExtensibilityGlobals) = postSolution
		SolutionGuid = {6BB92096-7FE4-4F8D-9D1A-DE57D6ABF13B}
	EndGlobalSection
EndGlobal
